<?xml version="1.0" encoding="utf-8"?>
<Project ToolsVersion="4.0" xmlns="http://schemas.microsoft.com/developer/msbuild/2003">
  <ItemGroup>
    <Filter Include="Source Files">
      <UniqueIdentifier>{4FC737F1-C7A5-4376-A066-2A32D752A2FF}</UniqueIdentifier>
      <Extensions>cpp;c;cc;cxx;c++;cppm;ixx;def;odl;idl;hpj;bat;asm;asmx</Extensions>
    </Filter>
    <Filter Include="Source Files\FrustumCulling">
      <UniqueIdentifier>{d8fa4234-828d-4111-b283-ba99d5ee644e}</UniqueIdentifier>
    </Filter>
  </ItemGroup>
  <ItemGroup>
    <ClCompile Include="src\main.cpp">
      <Filter>Source Files</Filter>
    </ClCompile>
    <ClCompile Include="src\scene.cpp">
      <Filter>Source Files\FrustumCulling</Filter>
    </ClCompile>
    <ClCompile Include="src\frustum.cpp">
      <Filter>Source Files\FrustumCulling</Filter>
    </ClCompile>
    <ClCompile Include="src\player.cpp">
      <Filter>Source Files\FrustumCulling</Filter>
    </ClCompile>
    <ClCompile Include="src\inputManager.cpp">
      <Filter>Source Files\FrustumCulling</Filter>
    </ClCompile>
    <ClCompile Include="src\utils.cpp">
      <Filter>Source Files</Filter>
    </ClCompile>
  </ItemGroup>
  <ItemGroup>
    <ClInclude Include="src\scene.h">
      <Filter>Source Files\FrustumCulling</Filter>
    </ClInclude>
    <ClInclude Include="src\frustum.h">
      <Filter>Source Files\FrustumCulling</Filter>
    </ClInclude>
    <ClInclude Include="src\player.h">
      <Filter>Source Files\FrustumCulling</Filter>
    </ClInclude>
    <ClInclude Include="src\inputManager.h">
      <Filter>Source Files\FrustumCulling</Filter>
    </ClInclude>
    <ClInclude Include="src\utils.h">
      <Filter>Source Files</Filter>
    </ClInclude>
  </ItemGroup>
</Project>